
Microsoft Visual Studio Solution File, Format Version 12.00
# Visual Studio Version 16
VisualStudioVersion = 16.0.30717.126
MinimumVisualStudioVersion = 10.0.40219.1
Project("{FAE04EC0-301F-11D3-BF4B-00C04F79EFBC}") = "Task1_1", "Task1_1\Task1_1.csproj", "{B3B8C7A6-4465-42A9-B20E-0BD2909406D5}"
EndProject
Project("{FAE04EC0-301F-11D3-BF4B-00C04F79EFBC}") = "Task1_2", "Task1_2\Task1_2.csproj", "{765529AB-79EB-4D47-8FDB-7B41125E82EF}"
EndProject
Project("{FAE04EC0-301F-11D3-BF4B-00C04F79EFBC}") = "Task1_3", "Task1_3\Task1_3.csproj", "{CEAB90CE-A10B-4321-B0C1-B09CB9C7180A}"
EndProject
Project("{FAE04EC0-301F-11D3-BF4B-00C04F79EFBC}") = "Task1_4", "Task1_4\Task1_4.csproj", "{EA4DFA63-D0E3-45C9-B7C0-3A2F840DD8B4}"
EndProject
Project("{FAE04EC0-301F-11D3-BF4B-00C04F79EFBC}") = "Task2_1", "Task2_1\Task2_1.csproj", "{E5702625-95A0-4B84-8531-52D70470780D}"
EndProject
Project("{FAE04EC0-301F-11D3-BF4B-00C04F79EFBC}") = "Task2_2", "Task2_2\Task2_2.csproj", "{6206E30F-6556-479C-B07B-AD467795E7A5}"
EndProject
Project("{FAE04EC0-301F-11D3-BF4B-00C04F79EFBC}") = "Task2_3", "Task2_3\Task2_3.csproj", "{52E8A50B-CC41-4D1E-9C14-2307C1FF553B}"
EndProject
Project("{FAE04EC0-301F-11D3-BF4B-00C04F79EFBC}") = "Task3_1", "Task3_1\Task3_1.csproj", "{D5E77CCF-97C2-48FF-91D5-F64E47AF0691}"
EndProject
Project("{FAE04EC0-301F-11D3-BF4B-00C04F79EFBC}") = "Task3_2", "Task3_2\Task3_2.csproj", "{5110199D-2D25-47AC-987E-E9D4E88F1F9B}"
EndProject
Project("{FAE04EC0-301F-11D3-BF4B-00C04F79EFBC}") = "Task3_3", "Task3_3\Task3_3.csproj", "{2FD65566-6AB5-4721-AEA0-03682E425EAA}"
EndProject
Project("{FAE04EC0-301F-11D3-BF4B-00C04F79EFBC}") = "Task3_4a", "Task3_4a\Task3_4a.csproj", "{EFE3226B-6EB1-4238-AD24-BC7B719183BA}"
EndProject
Project("{FAE04EC0-301F-11D3-BF4B-00C04F79EFBC}") = "Task3_4b", "Task3_4b\Task3_4b.csproj", "{C76F7B85-3DF5-4371-B4FE-0C0ACBAC977E}"
EndProject
Project("{FAE04EC0-301F-11D3-BF4B-00C04F79EFBC}") = "Task4_1", "Task4_1\Task4_1.csproj", "{524ABEDB-5A60-48FF-B2FC-2A4E3AAD3B5D}"
EndProject
Project("{FAE04EC0-301F-11D3-BF4B-00C04F79EFBC}") = "Task4_2", "Task4_2\Task4_2.csproj", "{A3748A86-6105-49FD-91C0-82CC0F5CE28F}"
EndProject
Project("{FAE04EC0-301F-11D3-BF4B-00C04F79EFBC}") = "Task4_3", "Task4_3\Task4_3.csproj", "{6B0E9AA9-0CDB-4B85-85B8-1E73A8B55641}"
EndProject
Project("{FAE04EC0-301F-11D3-BF4B-00C04F79EFBC}") = "Task4_4", "Task4_4\Task4_4.csproj", "{614AF17C-752C-41AE-A489-1A5D743CAC48}"
EndProject
Project("{FAE04EC0-301F-11D3-BF4B-00C04F79EFBC}") = "Task4_5", "Task4_5\Task4_5.csproj", "{45E1440C-CF1D-4CB7-A681-51CD5D31277E}"
EndProject
Project("{FAE04EC0-301F-11D3-BF4B-00C04F79EFBC}") = "Task5_1", "Task5_1\Task5_1.csproj", "{FF852DE0-314C-4741-8C1D-974221BB1C8F}"
EndProject
Project("{FAE04EC0-301F-11D3-BF4B-00C04F79EFBC}") = "Task5_2", "Task5_2\Task5_2.csproj", "{BB9203A1-42E9-40C6-A39C-75AB4F856555}"
EndProject
Project("{FAE04EC0-301F-11D3-BF4B-00C04F79EFBC}") = "Task5_3", "Task5_3\Task5_3.csproj", "{D0E0A729-185D-4CEE-A6E3-346FDCF1D5BA}"
EndProject
Project("{FAE04EC0-301F-11D3-BF4B-00C04F79EFBC}") = "Task5_4", "Task5_4\Task5_4.csproj", "{9A7C7335-0A83-449B-8565-4776DE22F372}"
EndProject
Project("{FAE04EC0-301F-11D3-BF4B-00C04F79EFBC}") = "Task5_5", "Task5_5\Task5_5.csproj", "{7C751AD7-2D4A-4A40-8030-4EE8AC8F0CB5}"
EndProject
Project("{FAE04EC0-301F-11D3-BF4B-00C04F79EFBC}") = "Task5_6", "Task5_6\Task5_6.csproj", "{C5DBE54A-338C-463C-926A-1252C02949D7}"
EndProject
Project("{FAE04EC0-301F-11D3-BF4B-00C04F79EFBC}") = "Task6_1", "Task6_1\Task6_1.csproj", "{456B7846-5405-4CEC-A20A-C876ED0BBCED}"
EndProject
Project("{FAE04EC0-301F-11D3-BF4B-00C04F79EFBC}") = "Task6_2", "Task6_2\Task6_2.csproj", "{3909059A-2BEE-47C3-BA15-E2207D52E4D5}"
EndProject
Project("{FAE04EC0-301F-11D3-BF4B-00C04F79EFBC}") = "Task6_3", "Task6_3\Task6_3.csproj", "{D9F26764-B64F-4152-A0D6-7BB1630C06CC}"
EndProject
Project("{FAE04EC0-301F-11D3-BF4B-00C04F79EFBC}") = "Task7_1", "Task7_1\Task7_1.csproj", "{62D25601-BF98-443F-8DF1-6D7612C9E53A}"
EndProject
Project("{FAE04EC0-301F-11D3-BF4B-00C04F79EFBC}") = "Task7_2", "Task7_2\Task7_2.csproj", "{0B51DD46-ABDF-4008-B491-AFB5E985D24A}"
EndProject
Project("{FAE04EC0-301F-11D3-BF4B-00C04F79EFBC}") = "Task7_3", "Task7_3\Task7_3.csproj", "{5C1DA542-82C9-4492-80DF-D5EE41512E21}"
EndProject
Project("{FAE04EC0-301F-11D3-BF4B-00C04F79EFBC}") = "Task8_1", "Task8_1\Task8_1.csproj", "{89C22DEA-EF15-4AA1-98ED-DD6884CE6554}"
EndProject
Project("{FAE04EC0-301F-11D3-BF4B-00C04F79EFBC}") = "Task8_2", "Task8_2\Task8_2.csproj", "{36D6F148-1563-4C0A-A196-7B46CF45F7BA}"
EndProject
Project("{FAE04EC0-301F-11D3-BF4B-00C04F79EFBC}") = "Task8_3", "Task8_3\Task8_3.csproj", "{9EBA5E85-0D48-4FF0-A2FC-B47D58B1E8E4}"
EndProject
Project("{FAE04EC0-301F-11D3-BF4B-00C04F79EFBC}") = "Task8_4", "Task8_4\Task8_4.csproj", "{43239099-7F66-4BE5-AA86-BC2972D7E268}"
EndProject
Global
	GlobalSection(SolutionConfigurationPlatforms) = preSolution
		Debug|Any CPU = Debug|Any CPU
		Release|Any CPU = Release|Any CPU
	EndGlobalSection
	GlobalSection(ProjectConfigurationPlatforms) = postSolution
		{B3B8C7A6-4465-42A9-B20E-0BD2909406D5}.Debug|Any CPU.ActiveCfg = Debug|Any CPU
		{B3B8C7A6-4465-42A9-B20E-0BD2909406D5}.Debug|Any CPU.Build.0 = Debug|Any CPU
		{B3B8C7A6-4465-42A9-B20E-0BD2909406D5}.Release|Any CPU.ActiveCfg = Release|Any CPU
		{B3B8C7A6-4465-42A9-B20E-0BD2909406D5}.Release|Any CPU.Build.0 = Release|Any CPU
		{765529AB-79EB-4D47-8FDB-7B41125E82EF}.Debug|Any CPU.ActiveCfg = Debug|Any CPU
		{765529AB-79EB-4D47-8FDB-7B41125E82EF}.Debug|Any CPU.Build.0 = Debug|Any CPU
		{765529AB-79EB-4D47-8FDB-7B41125E82EF}.Release|Any CPU.ActiveCfg = Release|Any CPU
		{765529AB-79EB-4D47-8FDB-7B41125E82EF}.Release|Any CPU.Build.0 = Release|Any CPU
		{CEAB90CE-A10B-4321-B0C1-B09CB9C7180A}.Debug|Any CPU.ActiveCfg = Debug|Any CPU
		{CEAB90CE-A10B-4321-B0C1-B09CB9C7180A}.Debug|Any CPU.Build.0 = Debug|Any CPU
		{CEAB90CE-A10B-4321-B0C1-B09CB9C7180A}.Release|Any CPU.ActiveCfg = Release|Any CPU
		{CEAB90CE-A10B-4321-B0C1-B09CB9C7180A}.Release|Any CPU.Build.0 = Release|Any CPU
		{EA4DFA63-D0E3-45C9-B7C0-3A2F840DD8B4}.Debug|Any CPU.ActiveCfg = Debug|Any CPU
		{EA4DFA63-D0E3-45C9-B7C0-3A2F840DD8B4}.Debug|Any CPU.Build.0 = Debug|Any CPU
		{EA4DFA63-D0E3-45C9-B7C0-3A2F840DD8B4}.Release|Any CPU.ActiveCfg = Release|Any CPU
		{EA4DFA63-D0E3-45C9-B7C0-3A2F840DD8B4}.Release|Any CPU.Build.0 = Release|Any CPU
		{E5702625-95A0-4B84-8531-52D70470780D}.Debug|Any CPU.ActiveCfg = Debug|Any CPU
		{E5702625-95A0-4B84-8531-52D70470780D}.Debug|Any CPU.Build.0 = Debug|Any CPU
		{E5702625-95A0-4B84-8531-52D70470780D}.Release|Any CPU.ActiveCfg = Release|Any CPU
		{E5702625-95A0-4B84-8531-52D70470780D}.Release|Any CPU.Build.0 = Release|Any CPU
		{6206E30F-6556-479C-B07B-AD467795E7A5}.Debug|Any CPU.ActiveCfg = Debug|Any CPU
		{6206E30F-6556-479C-B07B-AD467795E7A5}.Debug|Any CPU.Build.0 = Debug|Any CPU
		{6206E30F-6556-479C-B07B-AD467795E7A5}.Release|Any CPU.ActiveCfg = Release|Any CPU
		{6206E30F-6556-479C-B07B-AD467795E7A5}.Release|Any CPU.Build.0 = Release|Any CPU
		{52E8A50B-CC41-4D1E-9C14-2307C1FF553B}.Debug|Any CPU.ActiveCfg = Debug|Any CPU
		{52E8A50B-CC41-4D1E-9C14-2307C1FF553B}.Debug|Any CPU.Build.0 = Debug|Any CPU
		{52E8A50B-CC41-4D1E-9C14-2307C1FF553B}.Release|Any CPU.ActiveCfg = Release|Any CPU
		{52E8A50B-CC41-4D1E-9C14-2307C1FF553B}.Release|Any CPU.Build.0 = Release|Any CPU
		{D5E77CCF-97C2-48FF-91D5-F64E47AF0691}.Debug|Any CPU.ActiveCfg = Debug|Any CPU
		{D5E77CCF-97C2-48FF-91D5-F64E47AF0691}.Debug|Any CPU.Build.0 = Debug|Any CPU
		{D5E77CCF-97C2-48FF-91D5-F64E47AF0691}.Release|Any CPU.ActiveCfg = Release|Any CPU
		{D5E77CCF-97C2-48FF-91D5-F64E47AF0691}.Release|Any CPU.Build.0 = Release|Any CPU
		{5110199D-2D25-47AC-987E-E9D4E88F1F9B}.Debug|Any CPU.ActiveCfg = Debug|Any CPU
		{5110199D-2D25-47AC-987E-E9D4E88F1F9B}.Debug|Any CPU.Build.0 = Debug|Any CPU
		{5110199D-2D25-47AC-987E-E9D4E88F1F9B}.Release|Any CPU.ActiveCfg = Release|Any CPU
		{5110199D-2D25-47AC-987E-E9D4E88F1F9B}.Release|Any CPU.Build.0 = Release|Any CPU
		{2FD65566-6AB5-4721-AEA0-03682E425EAA}.Debug|Any CPU.ActiveCfg = Debug|Any CPU
		{2FD65566-6AB5-4721-AEA0-03682E425EAA}.Debug|Any CPU.Build.0 = Debug|Any CPU
		{2FD65566-6AB5-4721-AEA0-03682E425EAA}.Release|Any CPU.ActiveCfg = Release|Any CPU
		{2FD65566-6AB5-4721-AEA0-03682E425EAA}.Release|Any CPU.Build.0 = Release|Any CPU
		{EFE3226B-6EB1-4238-AD24-BC7B719183BA}.Debug|Any CPU.ActiveCfg = Debug|Any CPU
		{EFE3226B-6EB1-4238-AD24-BC7B719183BA}.Debug|Any CPU.Build.0 = Debug|Any CPU
		{EFE3226B-6EB1-4238-AD24-BC7B719183BA}.Release|Any CPU.ActiveCfg = Release|Any CPU
		{EFE3226B-6EB1-4238-AD24-BC7B719183BA}.Release|Any CPU.Build.0 = Release|Any CPU
		{C76F7B85-3DF5-4371-B4FE-0C0ACBAC977E}.Debug|Any CPU.ActiveCfg = Debug|Any CPU
		{C76F7B85-3DF5-4371-B4FE-0C0ACBAC977E}.Debug|Any CPU.Build.0 = Debug|Any CPU
		{C76F7B85-3DF5-4371-B4FE-0C0ACBAC977E}.Release|Any CPU.ActiveCfg = Release|Any CPU
		{C76F7B85-3DF5-4371-B4FE-0C0ACBAC977E}.Release|Any CPU.Build.0 = Release|Any CPU
		{524ABEDB-5A60-48FF-B2FC-2A4E3AAD3B5D}.Debug|Any CPU.ActiveCfg = Debug|Any CPU
		{524ABEDB-5A60-48FF-B2FC-2A4E3AAD3B5D}.Debug|Any CPU.Build.0 = Debug|Any CPU
		{524ABEDB-5A60-48FF-B2FC-2A4E3AAD3B5D}.Release|Any CPU.ActiveCfg = Release|Any CPU
		{524ABEDB-5A60-48FF-B2FC-2A4E3AAD3B5D}.Release|Any CPU.Build.0 = Release|Any CPU
		{A3748A86-6105-49FD-91C0-82CC0F5CE28F}.Debug|Any CPU.ActiveCfg = Debug|Any CPU
		{A3748A86-6105-49FD-91C0-82CC0F5CE28F}.Debug|Any CPU.Build.0 = Debug|Any CPU
		{A3748A86-6105-49FD-91C0-82CC0F5CE28F}.Release|Any CPU.ActiveCfg = Release|Any CPU
		{A3748A86-6105-49FD-91C0-82CC0F5CE28F}.Release|Any CPU.Build.0 = Release|Any CPU
		{6B0E9AA9-0CDB-4B85-85B8-1E73A8B55641}.Debug|Any CPU.ActiveCfg = Debug|Any CPU
		{6B0E9AA9-0CDB-4B85-85B8-1E73A8B55641}.Debug|Any CPU.Build.0 = Debug|Any CPU
		{6B0E9AA9-0CDB-4B85-85B8-1E73A8B55641}.Release|Any CPU.ActiveCfg = Release|Any CPU
		{6B0E9AA9-0CDB-4B85-85B8-1E73A8B55641}.Release|Any CPU.Build.0 = Release|Any CPU
		{614AF17C-752C-41AE-A489-1A5D743CAC48}.Debug|Any CPU.ActiveCfg = Debug|Any CPU
		{614AF17C-752C-41AE-A489-1A5D743CAC48}.Debug|Any CPU.Build.0 = Debug|Any CPU
		{614AF17C-752C-41AE-A489-1A5D743CAC48}.Release|Any CPU.ActiveCfg = Release|Any CPU
		{614AF17C-752C-41AE-A489-1A5D743CAC48}.Release|Any CPU.Build.0 = Release|Any CPU
		{45E1440C-CF1D-4CB7-A681-51CD5D31277E}.Debug|Any CPU.ActiveCfg = Debug|Any CPU
		{45E1440C-CF1D-4CB7-A681-51CD5D31277E}.Debug|Any CPU.Build.0 = Debug|Any CPU
		{45E1440C-CF1D-4CB7-A681-51CD5D31277E}.Release|Any CPU.ActiveCfg = Release|Any CPU
		{45E1440C-CF1D-4CB7-A681-51CD5D31277E}.Release|Any CPU.Build.0 = Release|Any CPU
		{FF852DE0-314C-4741-8C1D-974221BB1C8F}.Debug|Any CPU.ActiveCfg = Debug|Any CPU
		{FF852DE0-314C-4741-8C1D-974221BB1C8F}.Debug|Any CPU.Build.0 = Debug|Any CPU
		{FF852DE0-314C-4741-8C1D-974221BB1C8F}.Release|Any CPU.ActiveCfg = Release|Any CPU
		{FF852DE0-314C-4741-8C1D-974221BB1C8F}.Release|Any CPU.Build.0 = Release|Any CPU
		{BB9203A1-42E9-40C6-A39C-75AB4F856555}.Debug|Any CPU.ActiveCfg = Debug|Any CPU
		{BB9203A1-42E9-40C6-A39C-75AB4F856555}.Debug|Any CPU.Build.0 = Debug|Any CPU
		{BB9203A1-42E9-40C6-A39C-75AB4F856555}.Release|Any CPU.ActiveCfg = Release|Any CPU
		{BB9203A1-42E9-40C6-A39C-75AB4F856555}.Release|Any CPU.Build.0 = Release|Any CPU
		{D0E0A729-185D-4CEE-A6E3-346FDCF1D5BA}.Debug|Any CPU.ActiveCfg = Debug|Any CPU
		{D0E0A729-185D-4CEE-A6E3-346FDCF1D5BA}.Debug|Any CPU.Build.0 = Debug|Any CPU
		{D0E0A729-185D-4CEE-A6E3-346FDCF1D5BA}.Release|Any CPU.ActiveCfg = Release|Any CPU
		{D0E0A729-185D-4CEE-A6E3-346FDCF1D5BA}.Release|Any CPU.Build.0 = Release|Any CPU
		{9A7C7335-0A83-449B-8565-4776DE22F372}.Debug|Any CPU.ActiveCfg = Debug|Any CPU
		{9A7C7335-0A83-449B-8565-4776DE22F372}.Debug|Any CPU.Build.0 = Debug|Any CPU
		{9A7C7335-0A83-449B-8565-4776DE22F372}.Release|Any CPU.ActiveCfg = Release|Any CPU
		{9A7C7335-0A83-449B-8565-4776DE22F372}.Release|Any CPU.Build.0 = Release|Any CPU
		{7C751AD7-2D4A-4A40-8030-4EE8AC8F0CB5}.Debug|Any CPU.ActiveCfg = Debug|Any CPU
		{7C751AD7-2D4A-4A40-8030-4EE8AC8F0CB5}.Debug|Any CPU.Build.0 = Debug|Any CPU
		{7C751AD7-2D4A-4A40-8030-4EE8AC8F0CB5}.Release|Any CPU.ActiveCfg = Release|Any CPU
		{7C751AD7-2D4A-4A40-8030-4EE8AC8F0CB5}.Release|Any CPU.Build.0 = Release|Any CPU
		{C5DBE54A-338C-463C-926A-1252C02949D7}.Debug|Any CPU.ActiveCfg = Debug|Any CPU
		{C5DBE54A-338C-463C-926A-1252C02949D7}.Debug|Any CPU.Build.0 = Debug|Any CPU
		{C5DBE54A-338C-463C-926A-1252C02949D7}.Release|Any CPU.ActiveCfg = Release|Any CPU
		{C5DBE54A-338C-463C-926A-1252C02949D7}.Release|Any CPU.Build.0 = Release|Any CPU
		{456B7846-5405-4CEC-A20A-C876ED0BBCED}.Debug|Any CPU.ActiveCfg = Debug|Any CPU
		{456B7846-5405-4CEC-A20A-C876ED0BBCED}.Debug|Any CPU.Build.0 = Debug|Any CPU
		{456B7846-5405-4CEC-A20A-C876ED0BBCED}.Release|Any CPU.ActiveCfg = Release|Any CPU
		{456B7846-5405-4CEC-A20A-C876ED0BBCED}.Release|Any CPU.Build.0 = Release|Any CPU
		{3909059A-2BEE-47C3-BA15-E2207D52E4D5}.Debug|Any CPU.ActiveCfg = Debug|Any CPU
		{3909059A-2BEE-47C3-BA15-E2207D52E4D5}.Debug|Any CPU.Build.0 = Debug|Any CPU
		{3909059A-2BEE-47C3-BA15-E2207D52E4D5}.Release|Any CPU.ActiveCfg = Release|Any CPU
		{3909059A-2BEE-47C3-BA15-E2207D52E4D5}.Release|Any CPU.Build.0 = Release|Any CPU
		{D9F26764-B64F-4152-A0D6-7BB1630C06CC}.Debug|Any CPU.ActiveCfg = Debug|Any CPU
		{D9F26764-B64F-4152-A0D6-7BB1630C06CC}.Debug|Any CPU.Build.0 = Debug|Any CPU
		{D9F26764-B64F-4152-A0D6-7BB1630C06CC}.Release|Any CPU.ActiveCfg = Release|Any CPU
		{D9F26764-B64F-4152-A0D6-7BB1630C06CC}.Release|Any CPU.Build.0 = Release|Any CPU
		{62D25601-BF98-443F-8DF1-6D7612C9E53A}.Debug|Any CPU.ActiveCfg = Debug|Any CPU
		{62D25601-BF98-443F-8DF1-6D7612C9E53A}.Debug|Any CPU.Build.0 = Debug|Any CPU
		{62D25601-BF98-443F-8DF1-6D7612C9E53A}.Release|Any CPU.ActiveCfg = Release|Any CPU
		{62D25601-BF98-443F-8DF1-6D7612C9E53A}.Release|Any CPU.Build.0 = Release|Any CPU
		{0B51DD46-ABDF-4008-B491-AFB5E985D24A}.Debug|Any CPU.ActiveCfg = Debug|Any CPU
		{0B51DD46-ABDF-4008-B491-AFB5E985D24A}.Debug|Any CPU.Build.0 = Debug|Any CPU
		{0B51DD46-ABDF-4008-B491-AFB5E985D24A}.Release|Any CPU.ActiveCfg = Release|Any CPU
		{0B51DD46-ABDF-4008-B491-AFB5E985D24A}.Release|Any CPU.Build.0 = Release|Any CPU
		{5C1DA542-82C9-4492-80DF-D5EE41512E21}.Debug|Any CPU.ActiveCfg = Debug|Any CPU
		{5C1DA542-82C9-4492-80DF-D5EE41512E21}.Debug|Any CPU.Build.0 = Debug|Any CPU
		{5C1DA542-82C9-4492-80DF-D5EE41512E21}.Release|Any CPU.ActiveCfg = Release|Any CPU
		{5C1DA542-82C9-4492-80DF-D5EE41512E21}.Release|Any CPU.Build.0 = Release|Any CPU
		{89C22DEA-EF15-4AA1-98ED-DD6884CE6554}.Debug|Any CPU.ActiveCfg = Debug|Any CPU
		{89C22DEA-EF15-4AA1-98ED-DD6884CE6554}.Debug|Any CPU.Build.0 = Debug|Any CPU
		{89C22DEA-EF15-4AA1-98ED-DD6884CE6554}.Release|Any CPU.ActiveCfg = Release|Any CPU
		{89C22DEA-EF15-4AA1-98ED-DD6884CE6554}.Release|Any CPU.Build.0 = Release|Any CPU
		{36D6F148-1563-4C0A-A196-7B46CF45F7BA}.Debug|Any CPU.ActiveCfg = Debug|Any CPU
		{36D6F148-1563-4C0A-A196-7B46CF45F7BA}.Debug|Any CPU.Build.0 = Debug|Any CPU
		{36D6F148-1563-4C0A-A196-7B46CF45F7BA}.Release|Any CPU.ActiveCfg = Release|Any CPU
		{36D6F148-1563-4C0A-A196-7B46CF45F7BA}.Release|Any CPU.Build.0 = Release|Any CPU
		{9EBA5E85-0D48-4FF0-A2FC-B47D58B1E8E4}.Debug|Any CPU.ActiveCfg = Debug|Any CPU
		{9EBA5E85-0D48-4FF0-A2FC-B47D58B1E8E4}.Debug|Any CPU.Build.0 = Debug|Any CPU
		{9EBA5E85-0D48-4FF0-A2FC-B47D58B1E8E4}.Release|Any CPU.ActiveCfg = Release|Any CPU
		{9EBA5E85-0D48-4FF0-A2FC-B47D58B1E8E4}.Release|Any CPU.Build.0 = Release|Any CPU
		{43239099-7F66-4BE5-AA86-BC2972D7E268}.Debug|Any CPU.ActiveCfg = Debug|Any CPU
		{43239099-7F66-4BE5-AA86-BC2972D7E268}.Debug|Any CPU.Build.0 = Debug|Any CPU
		{43239099-7F66-4BE5-AA86-BC2972D7E268}.Release|Any CPU.ActiveCfg = Release|Any CPU
		{43239099-7F66-4BE5-AA86-BC2972D7E268}.Release|Any CPU.Build.0 = Release|Any CPU
	EndGlobalSection
	GlobalSection(SolutionProperties) = preSolution
		HideSolutionNode = FALSE
	EndGlobalSection
	GlobalSection(ExtensibilityGlobals) = postSolution
		SolutionGuid = {B5D43E5D-CECA-4665-92C8-678BB0E7F681}
	EndGlobalSection
EndGlobal
