
Microsoft Visual Studio Solution File, Format Version 12.00
# Visual Studio Version 16
VisualStudioVersion = 16.0.30717.126
MinimumVisualStudioVersion = 10.0.40219.1
Project("{FAE04EC0-301F-11D3-BF4B-00C04F79EFBC}") = "Task1_1", "Task1_1\Task1_1.csproj", "{B3B8C7A6-4465-42A9-B20E-0BD2909406D5}"
EndProject
Project("{FAE04EC0-301F-11D3-BF4B-00C04F79EFBC}") = "Task1_2", "Task1_2\Task1_2.csproj", "{765529AB-79EB-4D47-8FDB-7B41125E82EF}"
EndProject
Project("{FAE04EC0-301F-11D3-BF4B-00C04F79EFBC}") = "Task1_3", "Task1_3\Task1_3.csproj", "{CEAB90CE-A10B-4321-B0C1-B09CB9C7180A}"
EndProject
Project("{FAE04EC0-301F-11D3-BF4B-00C04F79EFBC}") = "Task1_4", "Task1_4\Task1_4.csproj", "{EA4DFA63-D0E3-45C9-B7C0-3A2F840DD8B4}"
EndProject
Project("{FAE04EC0-301F-11D3-BF4B-00C04F79EFBC}") = "Task2_1", "Task2_1\Task2_1.csproj", "{E5702625-95A0-4B84-8531-52D70470780D}"
EndProject
Project("{FAE04EC0-301F-11D3-BF4B-00C04F79EFBC}") = "Task2_2", "Task2_2\Task2_2.csproj", "{6206E30F-6556-479C-B07B-AD467795E7A5}"
EndProject
Project("{FAE04EC0-301F-11D3-BF4B-00C04F79EFBC}") = "Task2_3", "Task2_3\Task2_3.csproj", "{52E8A50B-CC41-4D1E-9C14-2307C1FF553B}"
EndProject
Project("{FAE04EC0-301F-11D3-BF4B-00C04F79EFBC}") = "Task3_1", "Task3_1\Task3_1.csproj", "{D5E77CCF-97C2-48FF-91D5-F64E47AF0691}"
EndProject
Project("{FAE04EC0-301F-11D3-BF4B-00C04F79EFBC}") = "Task3_2", "Task3_2\Task3_2.csproj", "{5110199D-2D25-47AC-987E-E9D4E88F1F9B}"
EndProject
Project("{FAE04EC0-301F-11D3-BF4B-00C04F79EFBC}") = "Task3_3", "Task3_3\Task3_3.csproj", "{2FD65566-6AB5-4721-AEA0-03682E425EAA}"
EndProject
Project("{FAE04EC0-301F-11D3-BF4B-00C04F79EFBC}") = "Task3_4a", "Task3_4a\Task3_4a.csproj", "{EFE3226B-6EB1-4238-AD24-BC7B719183BA}"
EndProject
Project("{FAE04EC0-301F-11D3-BF4B-00C04F79EFBC}") = "Task3_4b", "Task3_4b\Task3_4b.csproj", "{C76F7B85-3DF5-4371-B4FE-0C0ACBAC977E}"
EndProject
Global
	GlobalSection(SolutionConfigurationPlatforms) = preSolution
		Debug|Any CPU = Debug|Any CPU
		Release|Any CPU = Release|Any CPU
	EndGlobalSection
	GlobalSection(ProjectConfigurationPlatforms) = postSolution
		{B3B8C7A6-4465-42A9-B20E-0BD2909406D5}.Debug|Any CPU.ActiveCfg = Debug|Any CPU
		{B3B8C7A6-4465-42A9-B20E-0BD2909406D5}.Debug|Any CPU.Build.0 = Debug|Any CPU
		{B3B8C7A6-4465-42A9-B20E-0BD2909406D5}.Release|Any CPU.ActiveCfg = Release|Any CPU
		{B3B8C7A6-4465-42A9-B20E-0BD2909406D5}.Release|Any CPU.Build.0 = Release|Any CPU
		{765529AB-79EB-4D47-8FDB-7B41125E82EF}.Debug|Any CPU.ActiveCfg = Debug|Any CPU
		{765529AB-79EB-4D47-8FDB-7B41125E82EF}.Debug|Any CPU.Build.0 = Debug|Any CPU
		{765529AB-79EB-4D47-8FDB-7B41125E82EF}.Release|Any CPU.ActiveCfg = Release|Any CPU
		{765529AB-79EB-4D47-8FDB-7B41125E82EF}.Release|Any CPU.Build.0 = Release|Any CPU
		{CEAB90CE-A10B-4321-B0C1-B09CB9C7180A}.Debug|Any CPU.ActiveCfg = Debug|Any CPU
		{CEAB90CE-A10B-4321-B0C1-B09CB9C7180A}.Debug|Any CPU.Build.0 = Debug|Any CPU
		{CEAB90CE-A10B-4321-B0C1-B09CB9C7180A}.Release|Any CPU.ActiveCfg = Release|Any CPU
		{CEAB90CE-A10B-4321-B0C1-B09CB9C7180A}.Release|Any CPU.Build.0 = Release|Any CPU
		{EA4DFA63-D0E3-45C9-B7C0-3A2F840DD8B4}.Debug|Any CPU.ActiveCfg = Debug|Any CPU
		{EA4DFA63-D0E3-45C9-B7C0-3A2F840DD8B4}.Debug|Any CPU.Build.0 = Debug|Any CPU
		{EA4DFA63-D0E3-45C9-B7C0-3A2F840DD8B4}.Release|Any CPU.ActiveCfg = Release|Any CPU
		{EA4DFA63-D0E3-45C9-B7C0-3A2F840DD8B4}.Release|Any CPU.Build.0 = Release|Any CPU
		{E5702625-95A0-4B84-8531-52D70470780D}.Debug|Any CPU.ActiveCfg = Debug|Any CPU
		{E5702625-95A0-4B84-8531-52D70470780D}.Debug|Any CPU.Build.0 = Debug|Any CPU
		{E5702625-95A0-4B84-8531-52D70470780D}.Release|Any CPU.ActiveCfg = Release|Any CPU
		{E5702625-95A0-4B84-8531-52D70470780D}.Release|Any CPU.Build.0 = Release|Any CPU
		{6206E30F-6556-479C-B07B-AD467795E7A5}.Debug|Any CPU.ActiveCfg = Debug|Any CPU
		{6206E30F-6556-479C-B07B-AD467795E7A5}.Debug|Any CPU.Build.0 = Debug|Any CPU
		{6206E30F-6556-479C-B07B-AD467795E7A5}.Release|Any CPU.ActiveCfg = Release|Any CPU
		{6206E30F-6556-479C-B07B-AD467795E7A5}.Release|Any CPU.Build.0 = Release|Any CPU
		{52E8A50B-CC41-4D1E-9C14-2307C1FF553B}.Debug|Any CPU.ActiveCfg = Debug|Any CPU
		{52E8A50B-CC41-4D1E-9C14-2307C1FF553B}.Debug|Any CPU.Build.0 = Debug|Any CPU
		{52E8A50B-CC41-4D1E-9C14-2307C1FF553B}.Release|Any CPU.ActiveCfg = Release|Any CPU
		{52E8A50B-CC41-4D1E-9C14-2307C1FF553B}.Release|Any CPU.Build.0 = Release|Any CPU
		{D5E77CCF-97C2-48FF-91D5-F64E47AF0691}.Debug|Any CPU.ActiveCfg = Debug|Any CPU
		{D5E77CCF-97C2-48FF-91D5-F64E47AF0691}.Debug|Any CPU.Build.0 = Debug|Any CPU
		{D5E77CCF-97C2-48FF-91D5-F64E47AF0691}.Release|Any CPU.ActiveCfg = Release|Any CPU
		{D5E77CCF-97C2-48FF-91D5-F64E47AF0691}.Release|Any CPU.Build.0 = Release|Any CPU
		{5110199D-2D25-47AC-987E-E9D4E88F1F9B}.Debug|Any CPU.ActiveCfg = Debug|Any CPU
		{5110199D-2D25-47AC-987E-E9D4E88F1F9B}.Debug|Any CPU.Build.0 = Debug|Any CPU
		{5110199D-2D25-47AC-987E-E9D4E88F1F9B}.Release|Any CPU.ActiveCfg = Release|Any CPU
		{5110199D-2D25-47AC-987E-E9D4E88F1F9B}.Release|Any CPU.Build.0 = Release|Any CPU
		{2FD65566-6AB5-4721-AEA0-03682E425EAA}.Debug|Any CPU.ActiveCfg = Debug|Any CPU
		{2FD65566-6AB5-4721-AEA0-03682E425EAA}.Debug|Any CPU.Build.0 = Debug|Any CPU
		{2FD65566-6AB5-4721-AEA0-03682E425EAA}.Release|Any CPU.ActiveCfg = Release|Any CPU
		{2FD65566-6AB5-4721-AEA0-03682E425EAA}.Release|Any CPU.Build.0 = Release|Any CPU
		{EFE3226B-6EB1-4238-AD24-BC7B719183BA}.Debug|Any CPU.ActiveCfg = Debug|Any CPU
		{EFE3226B-6EB1-4238-AD24-BC7B719183BA}.Debug|Any CPU.Build.0 = Debug|Any CPU
		{EFE3226B-6EB1-4238-AD24-BC7B719183BA}.Release|Any CPU.ActiveCfg = Release|Any CPU
		{EFE3226B-6EB1-4238-AD24-BC7B719183BA}.Release|Any CPU.Build.0 = Release|Any CPU
		{C76F7B85-3DF5-4371-B4FE-0C0ACBAC977E}.Debug|Any CPU.ActiveCfg = Debug|Any CPU
		{C76F7B85-3DF5-4371-B4FE-0C0ACBAC977E}.Debug|Any CPU.Build.0 = Debug|Any CPU
		{C76F7B85-3DF5-4371-B4FE-0C0ACBAC977E}.Release|Any CPU.ActiveCfg = Release|Any CPU
		{C76F7B85-3DF5-4371-B4FE-0C0ACBAC977E}.Release|Any CPU.Build.0 = Release|Any CPU
	EndGlobalSection
	GlobalSection(SolutionProperties) = preSolution
		HideSolutionNode = FALSE
	EndGlobalSection
	GlobalSection(ExtensibilityGlobals) = postSolution
		SolutionGuid = {B5D43E5D-CECA-4665-92C8-678BB0E7F681}
	EndGlobalSection
EndGlobal
